Microsoft Visual Studio Solution File, Format Version 12.00
# Visual Studio Version 17
VisualStudioVersion = 17.0.31903.59
MinimumVisualStudioVersion = 10.0.40219.1
Project("{FAE04EC0-301F-11D3-BF4B-00C04F79EFBC}") = "Ai00.Connector.Contracts", "src\Ai00.Connector.Contracts\Ai00.Connector.Contracts.csproj", "{F1AA1880-35EB-4BCE-A62E-DB7C8C6EF001}"
EndProject
Project("{FAE04EC0-301F-11D3-BF4B-00C04F79EFBC}") = "Ai00.Connector.Service", "src\Ai00.Connector.Service\Ai00.Connector.Service.csproj", "{F1AA1880-35EB-4BCE-A62E-DB7C8C6EF002}"
EndProject
Project("{FAE04EC0-301F-11D3-BF4B-00C04F79EFBC}") = "Ai00.Connector.SessionHost", "src\Ai00.Connector.SessionHost\Ai00.Connector.SessionHost.csproj", "{F1AA1880-35EB-4BCE-A62E-DB7C8C6EF003}"
EndProject
Project("{FAE04EC0-301F-11D3-BF4B-00C04F79EFBC}") = "Ai00.Connector.Tests", "tests\Ai00.Connector.Tests\Ai00.Connector.Tests.csproj", "{F1AA1880-35EB-4BCE-A62E-DB7C8C6EF004}"
EndProject
Project("{FAE04EC0-301F-11D3-BF4B-00C04F79EFBC}") = "Ai00.Connector.Adapters.VisMockup", "src\Ai00.Connector.Adapters.VisMockup\Ai00.Connector.Adapters.VisMockup.csproj", "{F1AA1880-35EB-4BCE-A62E-DB7C8C6EF005}"
EndProject
Project("{FAE04EC0-301F-11D3-BF4B-00C04F79EFBC}") = "Ai00.Connector.Adapters.Mcp", "src\Ai00.Connector.Adapters.Mcp\Ai00.Connector.Adapters.Mcp.csproj", "{F1AA1880-35EB-4BCE-A62E-DB7C8C6EF006}"
EndProject
Global
  GlobalSection(SolutionConfigurationPlatforms) = preSolution
    Debug|Any CPU = Debug|Any CPU
    Release|Any CPU = Release|Any CPU
  EndGlobalSection
  GlobalSection(ProjectConfigurationPlatforms) = postSolution
    {F1AA1880-35EB-4BCE-A62E-DB7C8C6EF001}.Debug|Any CPU.ActiveCfg = Debug|Any CPU
    {F1AA1880-35EB-4BCE-A62E-DB7C8C6EF001}.Debug|Any CPU.Build.0 = Debug|Any CPU
    {F1AA1880-35EB-4BCE-A62E-DB7C8C6EF001}.Release|Any CPU.ActiveCfg = Release|Any CPU
    {F1AA1880-35EB-4BCE-A62E-DB7C8C6EF001}.Release|Any CPU.Build.0 = Release|Any CPU
    {F1AA1880-35EB-4BCE-A62E-DB7C8C6EF002}.Debug|Any CPU.ActiveCfg = Debug|Any CPU
    {F1AA1880-35EB-4BCE-A62E-DB7C8C6EF002}.Debug|Any CPU.Build.0 = Debug|Any CPU
    {F1AA1880-35EB-4BCE-A62E-DB7C8C6EF002}.Release|Any CPU.ActiveCfg = Release|Any CPU
    {F1AA1880-35EB-4BCE-A62E-DB7C8C6EF002}.Release|Any CPU.Build.0 = Release|Any CPU
    {F1AA1880-35EB-4BCE-A62E-DB7C8C6EF003}.Debug|Any CPU.ActiveCfg = Debug|Any CPU
    {F1AA1880-35EB-4BCE-A62E-DB7C8C6EF003}.Debug|Any CPU.Build.0 = Debug|Any CPU
    {F1AA1880-35EB-4BCE-A62E-DB7C8C6EF003}.Release|Any CPU.ActiveCfg = Release|Any CPU
    {F1AA1880-35EB-4BCE-A62E-DB7C8C6EF003}.Release|Any CPU.Build.0 = Release|Any CPU
    {F1AA1880-35EB-4BCE-A62E-DB7C8C6EF004}.Debug|Any CPU.ActiveCfg = Debug|Any CPU
    {F1AA1880-35EB-4BCE-A62E-DB7C8C6EF004}.Debug|Any CPU.Build.0 = Debug|Any CPU
    {F1AA1880-35EB-4BCE-A62E-DB7C8C6EF004}.Release|Any CPU.ActiveCfg = Release|Any CPU
    {F1AA1880-35EB-4BCE-A62E-DB7C8C6EF004}.Release|Any CPU.Build.0 = Release|Any CPU
    {F1AA1880-35EB-4BCE-A62E-DB7C8C6EF005}.Debug|Any CPU.ActiveCfg = Debug|Any CPU
    {F1AA1880-35EB-4BCE-A62E-DB7C8C6EF005}.Debug|Any CPU.Build.0 = Debug|Any CPU
    {F1AA1880-35EB-4BCE-A62E-DB7C8C6EF005}.Release|Any CPU.ActiveCfg = Release|Any CPU
    {F1AA1880-35EB-4BCE-A62E-DB7C8C6EF005}.Release|Any CPU.Build.0 = Release|Any CPU
    {F1AA1880-35EB-4BCE-A62E-DB7C8C6EF006}.Debug|Any CPU.ActiveCfg = Debug|Any CPU
    {F1AA1880-35EB-4BCE-A62E-DB7C8C6EF006}.Debug|Any CPU.Build.0 = Debug|Any CPU
    {F1AA1880-35EB-4BCE-A62E-DB7C8C6EF006}.Release|Any CPU.ActiveCfg = Release|Any CPU
    {F1AA1880-35EB-4BCE-A62E-DB7C8C6EF006}.Release|Any CPU.Build.0 = Release|Any CPU
  EndGlobalSection
EndGlobal
